{
  "name": "nodejs-npm-publish-package-use",
  "version": "1.0.0",
  "lockfileVersion": 2,
  "requires": true,
  "packages": {
    "": {
      "name": "nodejs-npm-publish-package-use",
      "version": "1.0.0",
      "license": "ISC",
      "dependencies": {
        "snow-random": "^1.0.1"
      }
    },
    "node_modules/snow-random": {
      "version": "1.0.1",
      "resolved": "https://registry.npmjs.org/snow-random/-/snow-random-1.0.1.tgz",
      "integrity": "sha512-VPun6p708dRWHBtFwJ/Ysa1AJ/TwFI+ccwKqFI5C42QMyP+agEbKdCImtTOs7o9HaXCRKybTd4XHg9I6Jm+E6A=="
    }
  },
  "dependencies": {
    "snow-random": {
      "version": "1.0.1",
      "resolved": "https://registry.npmjs.org/snow-random/-/snow-random-1.0.1.tgz",
      "integrity": "sha512-VPun6p708dRWHBtFwJ/Ysa1AJ/TwFI+ccwKqFI5C42QMyP+agEbKdCImtTOs7o9HaXCRKybTd4XHg9I6Jm+E6A=="
    }
  }
}
